
Microsoft Visual Studio Solution File, Format Version 12.00
# Visual Studio Version 17
VisualStudioVersion = 17.0.31903.59
MinimumVisualStudioVersion = 10.0.40219.1
Project("{FAE04EC0-301F-11D3-BF4B-00C04F79EFBC}") = "ApiGardens", "ApiGardens\ApiGardens.csproj", "{A9892CF6-4E28-49BB-8AE9-7A9DAF17D855}"
EndProject
Project("{FAE04EC0-301F-11D3-BF4B-00C04F79EFBC}") = "Application", "Application\Application.csproj", "{3A34A7C5-95AA-494A-B43A-9E665D68E27F}"
EndProject
Project("{FAE04EC0-301F-11D3-BF4B-00C04F79EFBC}") = "Domain", "Domain\Domain.csproj", "{31F31FBE-AF94-4E69-87E6-F8255ACEFC14}"
EndProject
Project("{FAE04EC0-301F-11D3-BF4B-00C04F79EFBC}") = "Persistence", "Persistence\Persistence.csproj", "{F567BE49-5EBD-4005-95F1-4EF8582B1ECB}"
EndProject
Global
	GlobalSection(SolutionConfigurationPlatforms) = preSolution
		Debug|Any CPU = Debug|Any CPU
		Release|Any CPU = Release|Any CPU
	EndGlobalSection
	GlobalSection(SolutionProperties) = preSolution
		HideSolutionNode = FALSE
	EndGlobalSection
	GlobalSection(ProjectConfigurationPlatforms) = postSolution
		{A9892CF6-4E28-49BB-8AE9-7A9DAF17D855}.Debug|Any CPU.ActiveCfg = Debug|Any CPU
		{A9892CF6-4E28-49BB-8AE9-7A9DAF17D855}.Debug|Any CPU.Build.0 = Debug|Any CPU
		{A9892CF6-4E28-49BB-8AE9-7A9DAF17D855}.Release|Any CPU.ActiveCfg = Release|Any CPU
		{A9892CF6-4E28-49BB-8AE9-7A9DAF17D855}.Release|Any CPU.Build.0 = Release|Any CPU
		{3A34A7C5-95AA-494A-B43A-9E665D68E27F}.Debug|Any CPU.ActiveCfg = Debug|Any CPU
		{3A34A7C5-95AA-494A-B43A-9E665D68E27F}.Debug|Any CPU.Build.0 = Debug|Any CPU
		{3A34A7C5-95AA-494A-B43A-9E665D68E27F}.Release|Any CPU.ActiveCfg = Release|Any CPU
		{3A34A7C5-95AA-494A-B43A-9E665D68E27F}.Release|Any CPU.Build.0 = Release|Any CPU
		{31F31FBE-AF94-4E69-87E6-F8255ACEFC14}.Debug|Any CPU.ActiveCfg = Debug|Any CPU
		{31F31FBE-AF94-4E69-87E6-F8255ACEFC14}.Debug|Any CPU.Build.0 = Debug|Any CPU
		{31F31FBE-AF94-4E69-87E6-F8255ACEFC14}.Release|Any CPU.ActiveCfg = Release|Any CPU
		{31F31FBE-AF94-4E69-87E6-F8255ACEFC14}.Release|Any CPU.Build.0 = Release|Any CPU
		{F567BE49-5EBD-4005-95F1-4EF8582B1ECB}.Debug|Any CPU.ActiveCfg = Debug|Any CPU
		{F567BE49-5EBD-4005-95F1-4EF8582B1ECB}.Debug|Any CPU.Build.0 = Debug|Any CPU
		{F567BE49-5EBD-4005-95F1-4EF8582B1ECB}.Release|Any CPU.ActiveCfg = Release|Any CPU
		{F567BE49-5EBD-4005-95F1-4EF8582B1ECB}.Release|Any CPU.Build.0 = Release|Any CPU
	EndGlobalSection
EndGlobal
